
Microsoft Visual Studio Solution File, Format Version 12.00
# Visual Studio Version 17
VisualStudioVersion = 17.6.33815.320
MinimumVisualStudioVersion = 10.0.40219.1
Project("{FAE04EC0-301F-11D3-BF4B-00C04F79EFBC}") = "Task reversing a word", "Task reversing a word\Task reversing a word.csproj", "{9C9AE8A6-E4FA-4242-A40A-836490E65063}"
EndProject
Global
	GlobalSection(SolutionConfigurationPlatforms) = preSolution
		Debug|Any CPU = Debug|Any CPU
		Release|Any CPU = Release|Any CPU
	EndGlobalSection
	GlobalSection(ProjectConfigurationPlatforms) = postSolution
		{9C9AE8A6-E4FA-4242-A40A-836490E65063}.Debug|Any CPU.ActiveCfg = Debug|Any CPU
		{9C9AE8A6-E4FA-4242-A40A-836490E65063}.Debug|Any CPU.Build.0 = Debug|Any CPU
		{9C9AE8A6-E4FA-4242-A40A-836490E65063}.Release|Any CPU.ActiveCfg = Release|Any CPU
		{9C9AE8A6-E4FA-4242-A40A-836490E65063}.Release|Any CPU.Build.0 = Release|Any CPU
	EndGlobalSection
	GlobalSection(SolutionProperties) = preSolution
		HideSolutionNode = FALSE
	EndGlobalSection
	GlobalSection(ExtensibilityGlobals) = postSolution
		SolutionGuid = {7C956ABB-5C2F-414F-8375-7AF5B6E33C15}
	EndGlobalSection
EndGlobal
